PODS:
  - AFNetworking (3.1.0):
    - AFNetworking/NSURLSession (= 3.1.0)
    - AFNetworking/Reachability (= 3.1.0)
    - AFNetworking/Security (= 3.1.0)
    - AFNetworking/Serialization (= 3.1.0)
    - AFNetworking/UIKit (= 3.1.0)
  - AFNetworking/NSURLSession (3.1.0):
    - AFNetworking/Reachability
    - AFNetworking/Security
    - AFNetworking/Serialization
  - AFNetworking/Reachability (3.1.0)
  - AFNetworking/Security (3.1.0)
  - AFNetworking/Serialization (3.1.0)
  - AFNetworking/UIKit (3.1.0):
    - AFNetworking/NSURLSession
  - TRMosaicLayout (1.0.0)

DEPENDENCIES:
  - AFNetworking
  - TRMosaicLayout (from `../`)

EXTERNAL SOURCES:
  TRMosaicLayout:
    :path: "../"

SPEC CHECKSUMS:
  AFNetworking: 5e0e199f73d8626b11e79750991f5d173d1f8b67
  TRMosaicLayout: 16f29d2a3fe7e966def6e4369e0b9815821842fd

PODFILE CHECKSUM: 367688c40c217e8ad476ff7065f9a0cd0606ecce

COCOAPODS: 1.2.1
