PODS:
  - AFNetworking (3.1.0):
    - AFNetworking/NSURLSession (= 3.1.0)
    - AFNetworking/Reachability (= 3.1.0)
    - AFNetworking/Security (= 3.1.0)
    - AFNetworking/Serialization (= 3.1.0)
    - AFNetworking/UIKit (= 3.1.0)
  - AFNetworking/NSURLSession (3.1.0):
    - AFNetworking/Reachability
    - AFNetworking/Security
    - AFNetworking/Serialization
  - AFNetworking/Reachability (3.1.0)
  - AFNetworking/Security (3.1.0)
  - AFNetworking/Serialization (3.1.0)
  - AFNetworking/UIKit (3.1.0):
    - AFNetworking/NSURLSession
  - TRMosaicLayout (0.2.0)

DEPENDENCIES:
  - AFNetworking
  - TRMosaicLayout (from `../`)

EXTERNAL SOURCES:
  TRMosaicLayout:
    :path: "../"

SPEC CHECKSUMS:
  AFNetworking: 5e0e199f73d8626b11e79750991f5d173d1f8b67
  TRMosaicLayout: 2f1af0d457377ebc135912b658a65040be9e1651

PODFILE CHECKSUM: e96d6eea1053de5262ca744bcf605356ee8c9f04

COCOAPODS: 1.1.0.beta.2
